<?xml version="1.0" encoding="UTF-8" standalone="yes" ?>
<CodeBlocks_project_file>
	<FileVersion major="1" minor="6" />
	<Project>
		<Option title="Mini_Monopoly" />
		<Option pch_mode="2" />
		<Option compiler="gcc" />
		<Build>
			<Target title="Debug">
				<Option output="bin\Debug\Mini_Monopoly" prefix_auto="1" extension_auto="1" />
				<Option object_output="obj\Debug\" />
				<Option type="1" />
				<Option compiler="gcc" />
				<Compiler>
					<Add option="-g" />
				</Compiler>
			</Target>
			<Target title="Release">
				<Option output="bin\Release\Mini_Monopoly" prefix_auto="1" extension_auto="1" />
				<Option object_output="obj\Release\" />
				<Option type="1" />
				<Option compiler="gcc" />
				<Compiler>
					<Add option="-O2" />
				</Compiler>
				<Linker>
					<Add option="-s" />
				</Linker>
			</Target>
		</Build>
		<Compiler>
			<Add option="-Wall" />
		</Compiler>
		<Unit filename="CCollectableUnit.cpp" />
		<Unit filename="CCollectableUnit.h" />
		<Unit filename="CJailUnit.cpp" />
		<Unit filename="CJailUnit.h" />
		<Unit filename="CMapUnit.cpp" />
		<Unit filename="CMapUnit.h" />
		<Unit filename="CPlayer.cpp" />
		<Unit filename="CPlayer.h" />
		<Unit filename="CPriceUnit.cpp" />
		<Unit filename="CPriceUnit.h" />
		<Unit filename="CRandomCostUnit.cpp" />
		<Unit filename="CRandomCostUnit.h" />
		<Unit filename="CSingleFineUnit.cpp" />
		<Unit filename="CSingleFineUnit.h" />
		<Unit filename="CUpgradableUnit.cpp" />
		<Unit filename="CUpgradableUnit.h" />
		<Unit filename="CWorldMap.cpp" />
		<Unit filename="CWorldMap.h" />
		<Unit filename="CWorldPlayer.cpp" />
		<Unit filename="CWorldPlayer.h" />
		<Unit filename="main.cpp" />
		<Unit filename="map.dat" />
		<Extensions>
			<code_completion />
			<debugger />
		</Extensions>
	</Project>
</CodeBlocks_project_file>
